
Microsoft Visual Studio Solution File, Format Version 12.00
# Visual Studio 15
VisualStudioVersion = 15.0.28307.489
MinimumVisualStudioVersion = 10.0.40219.1
Project("{FAE04EC0-301F-11D3-BF4B-00C04F79EFBC}") = "WebAutomationSimpleSkeleton", "WebAutomationSimpleSkeleton\WebAutomationSimpleSkeleton.csproj", "{79EAC78F-5B05-4804-917F-85919B9E2506}"
EndProject
Global
	GlobalSection(SolutionConfigurationPlatforms) = preSolution
		Debug|Any CPU = Debug|Any CPU
		Release|Any CPU = Release|Any CPU
	EndGlobalSection
	GlobalSection(ProjectConfigurationPlatforms) = postSolution
		{79EAC78F-5B05-4804-917F-85919B9E2506}.Debug|Any CPU.ActiveCfg = Debug|Any CPU
		{79EAC78F-5B05-4804-917F-85919B9E2506}.Debug|Any CPU.Build.0 = Debug|Any CPU
		{79EAC78F-5B05-4804-917F-85919B9E2506}.Release|Any CPU.ActiveCfg = Release|Any CPU
		{79EAC78F-5B05-4804-917F-85919B9E2506}.Release|Any CPU.Build.0 = Release|Any CPU
	EndGlobalSection
	GlobalSection(SolutionProperties) = preSolution
		HideSolutionNode = FALSE
	EndGlobalSection
	GlobalSection(ExtensibilityGlobals) = postSolution
		SolutionGuid = {AA79EE68-84BD-423B-BBA1-AA9FC4E40B49}
	EndGlobalSection
EndGlobal
